// !$*UTF8*$!
{
	archiveVersion = 1;
	classes = {
	};
	objectVersion = 46;
	objects = {

/* Begin PBXBuildFile section */
		B56419A51F03F5980050E7BE /* ImageViewController.swift in Sources */ = {isa = PBXBuildFile; fileRef = B56419A41F03F5980050E7BE /* ImageViewController.swift */; };
		B56CF5CA1F0BBBA700FF3F59 /* ryouri03.jpg in Resources */ = {isa = PBXBuildFile; fileRef = B56CF5C91F0BBBA700FF3F59 /* ryouri03.jpg */; };
		B5E157321EF8C2DB00B2EEEA /* AppDelegate.swift in Sources */ = {isa = PBXBuildFile; fileRef = B5E157311EF8C2DB00B2EEEA /* AppDelegate.swift */; };
		B5E157341EF8C2DB00B2EEEA /* ViewController.swift in Sources */ = {isa = PBXBuildFile; fileRef = B5E157331EF8C2DB00B2EEEA /* ViewController.swift */; };
		B5E157371EF8C2DB00B2EEEA /* Main.storyboard in Resources */ = {isa = PBXBuildFile; fileRef = B5E157351EF8C2DB00B2EEEA /* Main.storyboard */; };
		B5E157391EF8C2DB00B2EEEA /* Assets.xcassets in Resources */ = {isa = PBXBuildFile; fileRef = B5E157381EF8C2DB00B2EEEA /* Assets.xcassets */; };
		B5E1573C1EF8C2DB00B2EEEA /* LaunchScreen.storyboard in Resources */ = {isa = PBXBuildFile; fileRef = B5E1573A1EF8C2DB00B2EEEA /* LaunchScreen.storyboard */; };
		B5E157441EF8C99E00B2EEEA /* ryouri01.jpg in Resources */ = {isa = PBXBuildFile; fileRef = B5E157431EF8C99E00B2EEEA /* ryouri01.jpg */; };
		B5E157461EF8C9C500B2EEEA /* ryouri02.jpg in Resources */ = {isa = PBXBuildFile; fileRef = B5E157451EF8C9C500B2EEEA /* ryouri02.jpg */; };
/* End PBXBuildFile section */

/* Begin PBXFileReference section */
		B56419A41F03F5980050E7BE /* ImageViewController.swift */ = {isa = PBXFileReference; fileEncoding = 4; lastKnownFileType = sourcecode.swift; path = ImageViewController.swift; sourceTree = "<group>"; };
		B56CF5C91F0BBBA700FF3F59 /* ryouri03.jpg */ = {isa = PBXFileReference; lastKnownFileType = image.jpeg; path = ryouri03.jpg; sourceTree = "<group>"; };
		B5E1572E1EF8C2DB00B2EEEA /* SlideshowApp.app */ = {isa = PBXFileReference; explicitFileType = wrapper.application; includeInIndex = 0; path = SlideshowApp.app; sourceTree = BUILT_PRODUCTS_DIR; };
		B5E157311EF8C2DB00B2EEEA /* AppDelegate.swift */ = {isa = PBXFileReference; lastKnownFileType = sourcecode.swift; path = AppDelegate.swift; sourceTree = "<group>"; };
		B5E157331EF8C2DB00B2EEEA /* ViewController.swift */ = {isa = PBXFileReference; lastKnownFileType = sourcecode.swift; path = ViewController.swift; sourceTree = "<group>"; };
		B5E157361EF8C2DB00B2EEEA /* Base */ = {isa = PBXFileReference; lastKnownFileType = file.storyboard; name = Base; path = Base.lproj/Main.storyboard; sourceTree = "<group>"; };
		B5E157381EF8C2DB00B2EEEA /* Assets.xcassets */ = {isa = PBXFileReference; lastKnownFileType = folder.assetcatalog; path = Assets.xcassets; sourceTree = "<group>"; };
		B5E1573B1EF8C2DB00B2EEEA /* Base */ = {isa = PBXFileReference; lastKnownFileType = file.storyboard; name = Base; path = Base.lproj/LaunchScreen.storyboard; sourceTree = "<group>"; };
		B5E1573D1EF8C2DB00B2EEEA /* Info.plist */ = {isa = PBXFileReference; lastKnownFileType = text.plist.xml; path = Info.plist; sourceTree = "<group>"; };
		B5E157431EF8C99E00B2EEEA /* ryouri01.jpg */ = {isa = PBXFileReference; lastKnownFileType = image.jpeg; path = ryouri01.jpg; sourceTree = "<group>"; };
		B5E157451EF8C9C500B2EEEA /* ryouri02.jpg */ = {isa = PBXFileReference; lastKnownFileType = image.jpeg; path = ryouri02.jpg; sourceTree = "<group>"; };
/* End PBXFileReference section */

/* Begin PBXFrameworksBuildPhase section */
		B5E1572B1EF8C2DB00B2EEEA /* Frameworks */ = {
			isa = PBXFrameworksBuildPhase;
			buildActionMask = 2147483647;
			files = (
			);
			runOnlyForDeploymentPostprocessing = 0;
		};
/* End PBXFrameworksBuildPhase section */

/* Begin PBXGroup section */
		B5E157251EF8C2DB00B2EEEA = {
			isa = PBXGroup;
			children = (
				B5E157301EF8C2DB00B2EEEA /* SlideshowApp */,
				B5E1572F1EF8C2DB00B2EEEA /* Products */,
			);
			sourceTree = "<group>";
		};
		B5E1572F1EF8C2DB00B2EEEA /* Products */ = {
			isa = PBXGroup;
			children = (
				B5E1572E1EF8C2DB00B2EEEA /* SlideshowApp.app */,
			);
			name = Products;
			sourceTree = "<group>";
		};
		B5E157301EF8C2DB00B2EEEA /* SlideshowApp */ = {
			isa = PBXGroup;
			children = (
				B5E157311EF8C2DB00B2EEEA /* AppDelegate.swift */,
				B5E157331EF8C2DB00B2EEEA /* ViewController.swift */,
				B56CF5C91F0BBBA700FF3F59 /* ryouri03.jpg */,
				B5E157451EF8C9C500B2EEEA /* ryouri02.jpg */,
				B5E157431EF8C99E00B2EEEA /* ryouri01.jpg */,
				B5E157351EF8C2DB00B2EEEA /* Main.storyboard */,
				B56419A41F03F5980050E7BE /* ImageViewController.swift */,
				B5E157381EF8C2DB00B2EEEA /* Assets.xcassets */,
				B5E1573A1EF8C2DB00B2EEEA /* LaunchScreen.storyboard */,
				B5E1573D1EF8C2DB00B2EEEA /* Info.plist */,
			);
			path = SlideshowApp;
			sourceTree = "<group>";
		};
/* End PBXGroup section */

/* Begin PBXNativeTarget section */
		B5E1572D1EF8C2DB00B2EEEA /* SlideshowApp */ = {
			isa = PBXNativeTarget;
			buildConfigurationList = B5E157401EF8C2DB00B2EEEA /* Build configuration list for PBXNativeTarget "SlideshowApp" */;
			buildPhases = (
				B5E1572A1EF8C2DB00B2EEEA /* Sources */,
				B5E1572B1EF8C2DB00B2EEEA /* Frameworks */,
				B5E1572C1EF8C2DB00B2EEEA /* Resources */,
			);
			buildRules = (
			);
			dependencies = (
			);
			name = SlideshowApp;
			productName = SlideshowApp;
			productReference = B5E1572E1EF8C2DB00B2EEEA /* SlideshowApp.app */;
			productType = "com.apple.product-type.application";
		};
/* End PBXNativeTarget section */

/* Begin PBXProject section */
		B5E157261EF8C2DB00B2EEEA /* Project object */ = {
			isa = PBXProject;
			attributes = {
				LastSwiftUpdateCheck = 0830;
				LastUpgradeCheck = 0830;
				ORGANIZATIONNAME = yuki.abe;
				TargetAttributes = {
					B5E1572D1EF8C2DB00B2EEEA = {
						CreatedOnToolsVersion = 8.3.3;
						DevelopmentTeam = 88QH4F7X4H;
						ProvisioningStyle = Automatic;
					};
				};
			};
			buildConfigurationList = B5E157291EF8C2DB00B2EEEA /* Build configuration list for PBXProject "SlideshowApp" */;
			compatibilityVersion = "Xcode 3.2";
			developmentRegion = English;
			hasScannedForEncodings = 0;
			knownRegions = (
				en,
				Base,
			);
			mainGroup = B5E157251EF8C2DB00B2EEEA;
			productRefGroup = B5E1572F1EF8C2DB00B2EEEA /* Products */;
			projectDirPath = "";
			projectRoot = "";
			targets = (
				B5E1572D1EF8C2DB00B2EEEA /* SlideshowApp */,
			);
		};
/* End PBXProject section */

/* Begin PBXResourcesBuildPhase section */
		B5E1572C1EF8C2DB00B2EEEA /* Resources */ = {
			isa = PBXResourcesBuildPhase;
			buildActionMask = 2147483647;
			files = (
				B5E1573C1EF8C2DB00B2EEEA /* LaunchScreen.storyboard in Resources */,
				B5E157461EF8C9C500B2EEEA /* ryouri02.jpg in Resources */,
				B5E157441EF8C99E00B2EEEA /* ryouri01.jpg in Resources */,
				B56CF5CA1F0BBBA700FF3F59 /* ryouri03.jpg in Resources */,
				B5E157391EF8C2DB00B2EEEA /* Assets.xcassets in Resources */,
				B5E157371EF8C2DB00B2EEEA /* Main.storyboard in Resources */,
			);
			runOnlyForDeploymentPostprocessing = 0;
		};
/* End PBXResourcesBuildPhase section */

/* Begin PBXSourcesBuildPhase section */
		B5E1572A1EF8C2DB00B2EEEA /* Sources */ = {
			isa = PBXSourcesBuildPhase;
			buildActionMask = 2147483647;
			files = (
				B5E157341EF8C2DB00B2EEEA /* ViewController.swift in Sources */,
				B56419A51F03F5980050E7BE /* ImageViewController.swift in Sources */,
				B5E157321EF8C2DB00B2EEEA /* AppDelegate.swift in Sources */,
			);
			runOnlyForDeploymentPostprocessing = 0;
		};
/* End PBXSourcesBuildPhase section */

/* Begin PBXVariantGroup section */
		B5E157351EF8C2DB00B2EEEA /* Main.storyboard */ = {
			isa = PBXVariantGroup;
			children = (
				B5E157361EF8C2DB00B2EEEA /* Base */,
			);
			name = Main.storyboard;
			sourceTree = "<group>";
		};
		B5E1573A1EF8C2DB00B2EEEA /* LaunchScreen.storyboard */ = {
			isa = PBXVariantGroup;
			children = (
				B5E1573B1EF8C2DB00B2EEEA /* Base */,
			);
			name = LaunchScreen.storyboard;
			sourceTree = "<group>";
		};
/* End PBXVariantGroup section */

/* Begin XCBuildConfiguration section */
		B5E1573E1EF8C2DB00B2EEEA /* Debug */ = {
			isa = XCBuildConfiguration;
			buildSettings = {
				ALWAYS_SEARCH_USER_PATHS = NO;
				CLANG_ANALYZER_NONNULL = YES;
				CLANG_ANALYZER_NUMBER_OBJECT_CONVERSION = YES_AGGRESSIVE;
				CLANG_CXX_LANGUAGE_STANDARD = "gnu++0x";
				CLANG_CXX_LIBRARY = "libc++";
				CLANG_ENABLE_MODULES = YES;
				CLANG_ENABLE_OBJC_ARC = YES;
				CLANG_WARN_BOOL_CONVERSION = YES;
				CLANG_WARN_CONSTANT_CONVERSION = YES;
				CLANG_WARN_DIRECT_OBJC_ISA_USAGE = YES_ERROR;
				CLANG_WARN_DOCUMENTATION_COMMENTS = YES;
				CLANG_WARN_EMPTY_BODY = YES;
				CLANG_WARN_ENUM_CONVERSION = YES;
				CLANG_WARN_INFINITE_RECURSION = YES;
				CLANG_WARN_INT_CONVERSION = YES;
				CLANG_WARN_OBJC_ROOT_CLASS = YES_ERROR;
				CLANG_WARN_SUSPICIOUS_MOVE = YES;
				CLANG_WARN_UNREACHABLE_CODE = YES;
				CLANG_WARN__DUPLICATE_METHOD_MATCH = YES;
				"CODE_SIGN_IDENTITY[sdk=iphoneos*]" = "iPhone Developer";
				COPY_PHASE_STRIP = NO;
				DEBUG_INFORMATION_FORMAT = dwarf;
				ENABLE_STRICT_OBJC_MSGSEND = YES;
				ENABLE_TESTABILITY = YES;
				GCC_C_LANGUAGE_STANDARD = gnu99;
				GCC_DYNAMIC_NO_PIC = NO;
				GCC_NO_COMMON_BLOCKS = YES;
				GCC_OPTIMIZATION_LEVEL = 0;
				GCC_PREPROCESSOR_DEFINITIONS = (
					"DEBUG=1",
					"$(inherited)",
				);
				GCC_WARN_64_TO_32_BIT_CONVERSION = YES;
				GCC_WARN_ABOUT_RETURN_TYPE = YES_ERROR;
				GCC_WARN_UNDECLARED_SELECTOR = YES;
				GCC_WARN_UNINITIALIZED_AUTOS = YES_AGGRESSIVE;
				GCC_WARN_UNUSED_FUNCTION = YES;
				GCC_WARN_UNUSED_VARIABLE = YES;
				IPHONEOS_DEPLOYMENT_TARGET = 10.3;
				MTL_ENABLE_DEBUG_INFO = YES;
				ONLY_ACTIVE_ARCH = YES;
				SDKROOT = iphoneos;
				SWIFT_ACTIVE_COMPILATION_CONDITIONS = DEBUG;
				SWIFT_OPTIMIZATION_LEVEL = "-Onone";
			};
			name = Debug;
		};
		B5E1573F1EF8C2DB00B2EEEA /* Release */ = {
			isa = XCBuildConfiguration;
			buildSettings = {
				ALWAYS_SEARCH_USER_PATHS = NO;
				CLANG_ANALYZER_NONNULL = YES;
				CLANG_ANALYZER_NUMBER_OBJECT_CONVERSION = YES_AGGRESSIVE;
				CLANG_CXX_LANGUAGE_STANDARD = "gnu++0x";
				CLANG_CXX_LIBRARY = "libc++";
				CLANG_ENABLE_MODULES = YES;
				CLANG_ENABLE_OBJC_ARC = YES;
				CLANG_WARN_BOOL_CONVERSION = YES;
				CLANG_WARN_CONSTANT_CONVERSION = YES;
				CLANG_WARN_DIRECT_OBJC_ISA_USAGE = YES_ERROR;
				CLANG_WARN_DOCUMENTATION_COMMENTS = YES;
				CLANG_WARN_EMPTY_BODY = YES;
				CLANG_WARN_ENUM_CONVERSION = YES;
				CLANG_WARN_INFINITE_RECURSION = YES;
				CLANG_WARN_INT_CONVERSION = YES;
				CLANG_WARN_OBJC_ROOT_CLASS = YES_ERROR;
				CLANG_WARN_SUSPICIOUS_MOVE = YES;
				CLANG_WARN_UNREACHABLE_CODE = YES;
				CLANG_WARN__DUPLICATE_METHOD_MATCH = YES;
				"CODE_SIGN_IDENTITY[sdk=iphoneos*]" = "iPhone Developer";
				COPY_PHASE_STRIP = NO;
				DEBUG_INFORMATION_FORMAT = "dwarf-with-dsym";
				ENABLE_NS_ASSERTIONS = NO;
				ENABLE_STRICT_OBJC_MSGSEND = YES;
				GCC_C_LANGUAGE_STANDARD = gnu99;
				GCC_NO_COMMON_BLOCKS = YES;
				GCC_WARN_64_TO_32_BIT_CONVERSION = YES;
				GCC_WARN_ABOUT_RETURN_TYPE = YES_ERROR;
				GCC_WARN_UNDECLARED_SELECTOR = YES;
				GCC_WARN_UNINITIALIZED_AUTOS = YES_AGGRESSIVE;
				GCC_WARN_UNUSED_FUNCTION = YES;
				GCC_WARN_UNUSED_VARIABLE = YES;
				IPHONEOS_DEPLOYMENT_TARGET = 10.3;
				MTL_ENABLE_DEBUG_INFO = NO;
				SDKROOT = iphoneos;
				SWIFT_OPTIMIZATION_LEVEL = "-Owholemodule";
				VALIDATE_PRODUCT = YES;
			};
			name = Release;
		};
		B5E157411EF8C2DB00B2EEEA /* Debug */ = {
			isa = XCBuildConfiguration;
			buildSettings = {
				ASSETCATALOG_COMPILER_APPICON_NAME = AppIcon;
				DEVELOPMENT_TEAM = 88QH4F7X4H;
				INFOPLIST_FILE = SlideshowApp/Info.plist;
				LD_RUNPATH_SEARCH_PATHS = "$(inherited) @executable_path/Frameworks";
				PRODUCT_BUNDLE_IDENTIFIER = jp.techacademy.yuki.abe.SlideshowApp;
				PRODUCT_NAME = "$(TARGET_NAME)";
				SWIFT_VERSION = 3.0;
			};
			name = Debug;
		};
		B5E157421EF8C2DB00B2EEEA /* Release */ = {
			isa = XCBuildConfiguration;
			buildSettings = {
				ASSETCATALOG_COMPILER_APPICON_NAME = AppIcon;
				DEVELOPMENT_TEAM = 88QH4F7X4H;
				INFOPLIST_FILE = SlideshowApp/Info.plist;
				LD_RUNPATH_SEARCH_PATHS = "$(inherited) @executable_path/Frameworks";
				PRODUCT_BUNDLE_IDENTIFIER = jp.techacademy.yuki.abe.SlideshowApp;
				PRODUCT_NAME = "$(TARGET_NAME)";
				SWIFT_VERSION = 3.0;
			};
			name = Release;
		};
/* End XCBuildConfiguration section */

/* Begin XCConfigurationList section */
		B5E157291EF8C2DB00B2EEEA /* Build configuration list for PBXProject "SlideshowApp" */ = {
			isa = XCConfigurationList;
			buildConfigurations = (
				B5E1573E1EF8C2DB00B2EEEA /* Debug */,
				B5E1573F1EF8C2DB00B2EEEA /* Release */,
			);
			defaultConfigurationIsVisible = 0;
			defaultConfigurationName = Release;
		};
		B5E157401EF8C2DB00B2EEEA /* Build configuration list for PBXNativeTarget "SlideshowApp" */ = {
			isa = XCConfigurationList;
			buildConfigurations = (
				B5E157411EF8C2DB00B2EEEA /* Debug */,
				B5E157421EF8C2DB00B2EEEA /* Release */,
			);
			defaultConfigurationIsVisible = 0;
			defaultConfigurationName = Release;
		};
/* End XCConfigurationList section */
	};
	rootObject = B5E157261EF8C2DB00B2EEEA /* Project object */;
}
